
Microsoft Visual Studio Solution File, Format Version 12.00
# Visual Studio Version 17
VisualStudioVersion = 17.0.31903.59
MinimumVisualStudioVersion = 10.0.40219.1
Project("{FAE04EC0-301F-11D3-BF4B-00C04F79EFBC}") = "Mono.Core", "Mono.Core\Mono.Core.csproj", "{0D58AC2F-9B72-4A01-A540-89C53B3610AA}"
EndProject
Project("{FAE04EC0-301F-11D3-BF4B-00C04F79EFBC}") = "Mono.Core.Tests", "Mono.Core.Tests\Mono.Core.Tests.csproj", "{8A66B29B-0401-4386-9FB9-7A257B06139F}"
EndProject
Global
	GlobalSection(SolutionConfigurationPlatforms) = preSolution
		Debug|Any CPU = Debug|Any CPU
		Release|Any CPU = Release|Any CPU
	EndGlobalSection
	GlobalSection(SolutionProperties) = preSolution
		HideSolutionNode = FALSE
	EndGlobalSection
	GlobalSection(ProjectConfigurationPlatforms) = postSolution
		{0D58AC2F-9B72-4A01-A540-89C53B3610AA}.Debug|Any CPU.ActiveCfg = Debug|Any CPU
		{0D58AC2F-9B72-4A01-A540-89C53B3610AA}.Debug|Any CPU.Build.0 = Debug|Any CPU
		{0D58AC2F-9B72-4A01-A540-89C53B3610AA}.Release|Any CPU.ActiveCfg = Release|Any CPU
		{0D58AC2F-9B72-4A01-A540-89C53B3610AA}.Release|Any CPU.Build.0 = Release|Any CPU
		{8A66B29B-0401-4386-9FB9-7A257B06139F}.Debug|Any CPU.ActiveCfg = Debug|Any CPU
		{8A66B29B-0401-4386-9FB9-7A257B06139F}.Debug|Any CPU.Build.0 = Debug|Any CPU
		{8A66B29B-0401-4386-9FB9-7A257B06139F}.Release|Any CPU.ActiveCfg = Release|Any CPU
		{8A66B29B-0401-4386-9FB9-7A257B06139F}.Release|Any CPU.Build.0 = Release|Any CPU
	EndGlobalSection
EndGlobal
